
Microsoft Visual Studio Solution File, Format Version 12.00
# Visual Studio Version 16
VisualStudioVersion = 16.0.28917.181
MinimumVisualStudioVersion = 10.0.40219.1
Project("{9A19103F-16F7-4668-BE54-9A1E7A4F7556}") = "BotApp", "BotApp\BotApp.csproj", "{BE4080DD-DBDF-422A-B042-4617C39DC166}"
EndProject
Project("{FAE04EC0-301F-11D3-BF4B-00C04F79EFBC}") = "DevBy", "DevBy\DevBy.csproj", "{DCEF8325-969F-45B0-A0A7-110B687331E5}"
EndProject
Project("{FAE04EC0-301F-11D3-BF4B-00C04F79EFBC}") = "Telegram", "TelegramLib\Telegram.csproj", "{01CE0592-7C36-4EAB-92C5-3201ABB237AB}"
EndProject
Global
	GlobalSection(SolutionConfigurationPlatforms) = preSolution
		Debug|Any CPU = Debug|Any CPU
		Release|Any CPU = Release|Any CPU
	EndGlobalSection
	GlobalSection(ProjectConfigurationPlatforms) = postSolution
		{BE4080DD-DBDF-422A-B042-4617C39DC166}.Debug|Any CPU.ActiveCfg = Debug|Any CPU
		{BE4080DD-DBDF-422A-B042-4617C39DC166}.Debug|Any CPU.Build.0 = Debug|Any CPU
		{BE4080DD-DBDF-422A-B042-4617C39DC166}.Release|Any CPU.ActiveCfg = Release|Any CPU
		{BE4080DD-DBDF-422A-B042-4617C39DC166}.Release|Any CPU.Build.0 = Release|Any CPU
		{DCEF8325-969F-45B0-A0A7-110B687331E5}.Debug|Any CPU.ActiveCfg = Debug|Any CPU
		{DCEF8325-969F-45B0-A0A7-110B687331E5}.Debug|Any CPU.Build.0 = Debug|Any CPU
		{DCEF8325-969F-45B0-A0A7-110B687331E5}.Release|Any CPU.ActiveCfg = Release|Any CPU
		{DCEF8325-969F-45B0-A0A7-110B687331E5}.Release|Any CPU.Build.0 = Release|Any CPU
		{01CE0592-7C36-4EAB-92C5-3201ABB237AB}.Debug|Any CPU.ActiveCfg = Debug|Any CPU
		{01CE0592-7C36-4EAB-92C5-3201ABB237AB}.Debug|Any CPU.Build.0 = Debug|Any CPU
		{01CE0592-7C36-4EAB-92C5-3201ABB237AB}.Release|Any CPU.ActiveCfg = Release|Any CPU
		{01CE0592-7C36-4EAB-92C5-3201ABB237AB}.Release|Any CPU.Build.0 = Release|Any CPU
	EndGlobalSection
	GlobalSection(SolutionProperties) = preSolution
		HideSolutionNode = FALSE
	EndGlobalSection
	GlobalSection(ExtensibilityGlobals) = postSolution
		SolutionGuid = {A5C1C11B-1A05-4462-8E65-974191CA8CA8}
	EndGlobalSection
EndGlobal
